
Microsoft Visual Studio Solution File, Format Version 12.00
# Visual Studio Version 16
VisualStudioVersion = 16.0.29806.167
MinimumVisualStudioVersion = 10.0.40219.1
Project("{00D1A9C2-B5F0-4AF3-8072-F6C62B433612}") = "devdep", "devdep.sqlproj", "{39C006A4-E13B-42F1-B39F-F72F4DB2C28E}"
EndProject
Global
	GlobalSection(SolutionConfigurationPlatforms) = preSolution
		Debug|Any CPU = Debug|Any CPU
		Release|Any CPU = Release|Any CPU
	EndGlobalSection
	GlobalSection(ProjectConfigurationPlatforms) = postSolution
		{39C006A4-E13B-42F1-B39F-F72F4DB2C28E}.Debug|Any CPU.ActiveCfg = Debug|Any CPU
		{39C006A4-E13B-42F1-B39F-F72F4DB2C28E}.Debug|Any CPU.Build.0 = Debug|Any CPU
		{39C006A4-E13B-42F1-B39F-F72F4DB2C28E}.Debug|Any CPU.Deploy.0 = Debug|Any CPU
		{39C006A4-E13B-42F1-B39F-F72F4DB2C28E}.Release|Any CPU.ActiveCfg = Release|Any CPU
		{39C006A4-E13B-42F1-B39F-F72F4DB2C28E}.Release|Any CPU.Build.0 = Release|Any CPU
		{39C006A4-E13B-42F1-B39F-F72F4DB2C28E}.Release|Any CPU.Deploy.0 = Release|Any CPU
	EndGlobalSection
	GlobalSection(SolutionProperties) = preSolution
		HideSolutionNode = FALSE
	EndGlobalSection
	GlobalSection(ExtensibilityGlobals) = postSolution
		SolutionGuid = {8197D8CE-54B2-4C23-8837-A7AFB9620AC1}
	EndGlobalSection
EndGlobal
